
Microsoft Visual Studio Solution File, Format Version 12.00
# Visual Studio Version 17
VisualStudioVersion = 17.14.36429.23 d17.14
MinimumVisualStudioVersion = 10.0.40219.1
Project("{FAE04EC0-301F-11D3-BF4B-00C04F79EFBC}") = "listak_gyakorlas", "listak_gyakorlas.csproj", "{307E9830-79F4-4B68-8B56-3667671A5564}"
EndProject
Global
	GlobalSection(SolutionConfigurationPlatforms) = preSolution
		Debug|Any CPU = Debug|Any CPU
		Release|Any CPU = Release|Any CPU
	EndGlobalSection
	GlobalSection(ProjectConfigurationPlatforms) = postSolution
		{307E9830-79F4-4B68-8B56-3667671A5564}.Debug|Any CPU.ActiveCfg = Debug|Any CPU
		{307E9830-79F4-4B68-8B56-3667671A5564}.Debug|Any CPU.Build.0 = Debug|Any CPU
		{307E9830-79F4-4B68-8B56-3667671A5564}.Release|Any CPU.ActiveCfg = Release|Any CPU
		{307E9830-79F4-4B68-8B56-3667671A5564}.Release|Any CPU.Build.0 = Release|Any CPU
	EndGlobalSection
	GlobalSection(SolutionProperties) = preSolution
		HideSolutionNode = FALSE
	EndGlobalSection
	GlobalSection(ExtensibilityGlobals) = postSolution
		SolutionGuid = {D35C6404-0C77-427C-872B-07F63756369D}
	EndGlobalSection
EndGlobal
